
Microsoft Visual Studio Solution File, Format Version 12.00
# Visual Studio 15
VisualStudioVersion = 15.0.27130.2024
MinimumVisualStudioVersion = 10.0.40219.1
Project("{9A19103F-16F7-4668-BE54-9A1E7A4F7556}") = "Sky.FlySign", "Sky.FlySign\Sky.FlySign.csproj", "{47EF7041-4919-4177-A7CE-09FA2FD24E23}"
EndProject
Global
	GlobalSection(SolutionConfigurationPlatforms) = preSolution
		Debug|Any CPU = Debug|Any CPU
		Release|Any CPU = Release|Any CPU
	EndGlobalSection
	GlobalSection(ProjectConfigurationPlatforms) = postSolution
		{47EF7041-4919-4177-A7CE-09FA2FD24E23}.Debug|Any CPU.ActiveCfg = Debug|Any CPU
		{47EF7041-4919-4177-A7CE-09FA2FD24E23}.Debug|Any CPU.Build.0 = Debug|Any CPU
		{47EF7041-4919-4177-A7CE-09FA2FD24E23}.Release|Any CPU.ActiveCfg = Release|Any CPU
		{47EF7041-4919-4177-A7CE-09FA2FD24E23}.Release|Any CPU.Build.0 = Release|Any CPU
	EndGlobalSection
	GlobalSection(SolutionProperties) = preSolution
		HideSolutionNode = FALSE
	EndGlobalSection
	GlobalSection(ExtensibilityGlobals) = postSolution
		SolutionGuid = {114AD1EB-D43D-40D5-B2CA-46BE00CC205B}
	EndGlobalSection
EndGlobal
